
Microsoft Visual Studio Solution File, Format Version 12.00
# Visual Studio Version 17
VisualStudioVersion = 17.5.33516.290
MinimumVisualStudioVersion = 10.0.40219.1
Project("{9A19103F-16F7-4668-BE54-9A1E7A4F7556}") = "FishingShop.Web.Api", "FishingShop.Web.Api.csproj", "{05296DE9-C4C2-46D4-8AB9-29982486A648}"
EndProject
Global
	GlobalSection(SolutionConfigurationPlatforms) = preSolution
		Debug|Any CPU = Debug|Any CPU
		Release|Any CPU = Release|Any CPU
	EndGlobalSection
	GlobalSection(ProjectConfigurationPlatforms) = postSolution
		{05296DE9-C4C2-46D4-8AB9-29982486A648}.Debug|Any CPU.ActiveCfg = Debug|Any CPU
		{05296DE9-C4C2-46D4-8AB9-29982486A648}.Debug|Any CPU.Build.0 = Debug|Any CPU
		{05296DE9-C4C2-46D4-8AB9-29982486A648}.Release|Any CPU.ActiveCfg = Release|Any CPU
		{05296DE9-C4C2-46D4-8AB9-29982486A648}.Release|Any CPU.Build.0 = Release|Any CPU
	EndGlobalSection
	GlobalSection(SolutionProperties) = preSolution
		HideSolutionNode = FALSE
	EndGlobalSection
	GlobalSection(ExtensibilityGlobals) = postSolution
		SolutionGuid = {F1F42F71-613A-4502-BB6B-CEAC66EE0778}
	EndGlobalSection
EndGlobal
